{
  "nodes": {
    "cargo2nix": {
      "inputs": {
        "flake-compat": "flake-compat_2",
        "flake-utils": "flake-utils_2",
        "nixpkgs": "nixpkgs_2",
        "rust-overlay": "rust-overlay"
      },
      "locked": {
        "lastModified": 1682891040,
        "narHash": "sha256-hjajsi7lq24uYitUh4o04UJi1g0Qe6ruPL0s5DgPQMY=",
        "owner": "cargo2nix",
        "repo": "cargo2nix",
        "rev": "0167b39f198d72acdf009265634504fd6f5ace15",
        "type": "github"
      },
      "original": {
        "owner": "cargo2nix",
        "ref": "release-0.11.0",
        "repo": "cargo2nix",
        "type": "github"
      }
    },
    "darwin": {
      "inputs": {
        "nixpkgs": [
          "nixpkgs"
        ]
      },
      "locked": {
        "lastModified": 1729382845,
        "narHash": "sha256-REiWck1zIOnZIgGmmOWfwvkQw1f4UrBsxxOSKVSAG4w=",
        "owner": "lnl7",
        "repo": "nix-darwin",
        "rev": "a001f44cfc47164839eb61c6b1e7f4288813f7e8",
        "type": "github"
      },
      "original": {
        "owner": "lnl7",
        "ref": "master",
        "repo": "nix-darwin",
        "type": "github"
      }
    },
    "flake-compat": {
      "flake": false,
      "locked": {
        "lastModified": 1696426674,
        "narHash": "sha256-kvjfFW7WAETZlt09AgDn1MrtKzP7t90Vf7vypd3OL1U=",
        "owner": "edolstra",
        "repo": "flake-compat",
        "rev": "0f9255e01c2351cc7d116c072cb317785dd33b33",
        "type": "github"
      },
      "original": {
        "owner": "edolstra",
        "repo": "flake-compat",
        "type": "github"
      }
    },
    "flake-compat_2": {
      "flake": false,
      "locked": {
        "lastModified": 1650374568,
        "narHash": "sha256-Z+s0J8/r907g149rllvwhb4pKi8Wam5ij0st8PwAh+E=",
        "owner": "edolstra",
        "repo": "flake-compat",
        "rev": "b4a34015c698c7793d592d66adbab377907a2be8",
        "type": "github"
      },
      "original": {
        "owner": "edolstra",
        "repo": "flake-compat",
        "type": "github"
      }
    },
    "flake-utils": {
      "inputs": {
        "systems": "systems"
      },
      "locked": {
        "lastModified": 1726560853,
        "narHash": "sha256-X6rJYSESBVr3hBoH0WbKE5KvhPU5bloyZ2L4K60/fPQ=",
        "owner": "numtide",
        "repo": "flake-utils",
        "rev": "c1dfcf08411b08f6b8615f7d8971a2bfa81d5e8a",
        "type": "github"
      },
      "original": {
        "owner": "numtide",
        "repo": "flake-utils",
        "type": "github"
      }
    },
    "flake-utils_2": {
      "locked": {
        "lastModified": 1653893745,
        "narHash": "sha256-0jntwV3Z8//YwuOjzhV2sgJJPt+HY6KhU7VZUL0fKZQ=",
        "owner": "numtide",
        "repo": "flake-utils",
        "rev": "1ed9fb1935d260de5fe1c2f7ee0ebaae17ed2fa1",
        "type": "github"
      },
      "original": {
        "owner": "numtide",
        "repo": "flake-utils",
        "type": "github"
      }
    },
    "gitignore": {
      "inputs": {
        "nixpkgs": [
          "pre-commit-hooks",
          "nixpkgs"
        ]
      },
      "locked": {
        "lastModified": 1709087332,
        "narHash": "sha256-HG2cCnktfHsKV0s4XW83gU3F57gaTljL9KNSuG6bnQs=",
        "owner": "hercules-ci",
        "repo": "gitignore.nix",
        "rev": "637db329424fd7e46cf4185293b9cc8c88c95394",
        "type": "github"
      },
      "original": {
        "owner": "hercules-ci",
        "repo": "gitignore.nix",
        "type": "github"
      }
    },
    "home-manager": {
      "inputs": {
        "nixpkgs": [
          "nixpkgs"
        ]
      },
      "locked": {
        "lastModified": 1729459288,
        "narHash": "sha256-gBOVJv+q6Mx8jGvwX7cE6J8+sZmi1uxpRVsO7WxvVuQ=",
        "owner": "nix-community",
        "repo": "home-manager",
        "rev": "1e27f213d77fc842603628bcf2df6681d7d08f7e",
        "type": "github"
      },
      "original": {
        "owner": "nix-community",
        "repo": "home-manager",
        "type": "github"
      }
    },
    "nixlib": {
      "locked": {
        "lastModified": 1729386149,
        "narHash": "sha256-hUP9oxmnOmNnKcDOf5Y55HQ+NnoT0+bLWHLQWLLw9Ks=",
        "owner": "nix-community",
        "repo": "nixpkgs.lib",
        "rev": "cce4521b6df014e79a7b7afc58c703ed683c916e",
        "type": "github"
      },
      "original": {
        "owner": "nix-community",
        "repo": "nixpkgs.lib",
        "type": "github"
      }
    },
    "nixos-generators": {
      "inputs": {
        "nixlib": "nixlib",
        "nixpkgs": [
          "nixpkgs"
        ]
      },
      "locked": {
        "lastModified": 1729472750,
        "narHash": "sha256-s93LPHi5BN7I2xSGNAFWiYb8WRsPvT1LE9ZjZBrpFlg=",
        "owner": "nix-community",
        "repo": "nixos-generators",
        "rev": "7c60ba4bc8d6aa2ba3e5b0f6ceb9fc07bc261565",
        "type": "github"
      },
      "original": {
        "owner": "nix-community",
        "repo": "nixos-generators",
        "type": "github"
      }
    },
    "nixos-hardware": {
      "locked": {
        "lastModified": 1729509737,
        "narHash": "sha256-8OHgqz+tFo21h3hg4/GHizFPws+MMzpEru/+62Z0E8c=",
        "owner": "nixos",
        "repo": "nixos-hardware",
        "rev": "cc2d3c0e060f981905d52337340ee6ec8b8eb037",
        "type": "github"
      },
      "original": {
        "owner": "nixos",
        "repo": "nixos-hardware",
        "type": "github"
      }
    },
    "nixpkgs": {
      "locked": {
        "lastModified": 1729256560,
        "narHash": "sha256-/uilDXvCIEs3C9l73JTACm4quuHUsIHcns1c+cHUJwA=",
        "owner": "nixos",
        "repo": "nixpkgs",
        "rev": "4c2fcb090b1f3e5b47eaa7bd33913b574a11e0a0",
        "type": "github"
      },
      "original": {
        "owner": "nixos",
        "ref": "nixos-unstable",
        "repo": "nixpkgs",
        "type": "github"
      }
    },
    "nixpkgs-master": {
      "locked": {
        "lastModified": 1729535501,
        "narHash": "sha256-SekUJCblThjYXHv92h2K4CGN87gB0UjMtD61+a6ysyg=",
        "owner": "NixOS",
        "repo": "nixpkgs",
        "rev": "2d88282897c0e74b7ef8d042059212c5703adc4e",
        "type": "github"
      },
      "original": {
        "owner": "NixOS",
        "ref": "master",
        "repo": "nixpkgs",
        "type": "github"
      }
    },
    "nixpkgs-stable": {
      "locked": {
        "lastModified": 1704290814,
        "narHash": "sha256-LWvKHp7kGxk/GEtlrGYV68qIvPHkU9iToomNFGagixU=",
        "owner": "NixOS",
        "repo": "nixpkgs",
        "rev": "70bdadeb94ffc8806c0570eb5c2695ad29f0e421",
        "type": "github"
      },
      "original": {
        "owner": "NixOS",
        "ref": "nixos-23.05",
        "repo": "nixpkgs",
        "type": "github"
      }
    },
    "nixpkgs-stable_2": {
      "locked": {
        "lastModified": 1720386169,
        "narHash": "sha256-NGKVY4PjzwAa4upkGtAMz1npHGoRzWotlSnVlqI40mo=",
        "owner": "NixOS",
        "repo": "nixpkgs",
        "rev": "194846768975b7ad2c4988bdb82572c00222c0d7",
        "type": "github"
      },
      "original": {
        "owner": "NixOS",
        "ref": "nixos-24.05",
        "repo": "nixpkgs",
        "type": "github"
      }
    },
    "nixpkgs_2": {
      "locked": {
        "lastModified": 1654275867,
        "narHash": "sha256-pt14ZE4jVPGvfB2NynGsl34pgXfOqum5YJNpDK4+b9E=",
        "owner": "nixos",
        "repo": "nixpkgs",
        "rev": "7a20c208aacf4964c19186dcad51f89165dc7ed0",
        "type": "github"
      },
      "original": {
        "owner": "nixos",
        "ref": "release-22.05",
        "repo": "nixpkgs",
        "type": "github"
      }
    },
    "nur": {
      "locked": {
        "lastModified": 1729536896,
        "narHash": "sha256-Wt5Nw5vNoXxzP7Qi0Y37CgJo8vTtwovj3tq2cGgUnQc=",
        "owner": "nix-community",
        "repo": "nur",
        "rev": "e7fee426abaf126e6bfb6c84f710f57f0e83491c",
        "type": "github"
      },
      "original": {
        "owner": "nix-community",
        "repo": "nur",
        "type": "github"
      }
    },
    "pre-commit-hooks": {
      "inputs": {
        "flake-compat": [
          "flake-compat"
        ],
        "gitignore": "gitignore",
        "nixpkgs": [
          "nixpkgs"
        ],
        "nixpkgs-stable": "nixpkgs-stable_2"
      },
      "locked": {
        "lastModified": 1729104314,
        "narHash": "sha256-pZRZsq5oCdJt3upZIU4aslS9XwFJ+/nVtALHIciX/BI=",
        "owner": "cachix",
        "repo": "pre-commit-hooks.nix",
        "rev": "3c3e88f0f544d6bb54329832616af7eb971b6be6",
        "type": "github"
      },
      "original": {
        "owner": "cachix",
        "repo": "pre-commit-hooks.nix",
        "type": "github"
      }
    },
    "root": {
      "inputs": {
        "darwin": "darwin",
        "flake-compat": "flake-compat",
        "flake-utils": "flake-utils",
        "home-manager": "home-manager",
        "nixos-generators": "nixos-generators",
        "nixos-hardware": "nixos-hardware",
        "nixpkgs": "nixpkgs",
        "nixpkgs-master": "nixpkgs-master",
        "nixpkgs-stable": "nixpkgs-stable",
        "nur": "nur",
        "pre-commit-hooks": "pre-commit-hooks",
        "xdg-open-wsl": "xdg-open-wsl"
      }
    },
    "rust-overlay": {
      "inputs": {
        "flake-utils": [
          "xdg-open-wsl",
          "cargo2nix",
          "flake-utils"
        ],
        "nixpkgs": [
          "xdg-open-wsl",
          "cargo2nix",
          "nixpkgs"
        ]
      },
      "locked": {
        "lastModified": 1653878966,
        "narHash": "sha256-T51Gck/vrJZi1m+uTbhEFTRgZmE59sydVONadADv358=",
        "owner": "oxalica",
        "repo": "rust-overlay",
        "rev": "8526d618af012a923ca116be9603e818b502a8db",
        "type": "github"
      },
      "original": {
        "owner": "oxalica",
        "repo": "rust-overlay",
        "type": "github"
      }
    },
    "systems": {
      "locked": {
        "lastModified": 1681028828,
        "narHash": "sha256-Vy1rq5AaRuLzOxct8nz4T6wlgyUR7zLU309k9mBC768=",
        "owner": "nix-systems",
        "repo": "default",
        "rev": "da67096a3b9bf56a91d16901293e51ba5b49a27e",
        "type": "github"
      },
      "original": {
        "owner": "nix-systems",
        "repo": "default",
        "type": "github"
      }
    },
    "xdg-open-wsl": {
      "inputs": {
        "cargo2nix": "cargo2nix",
        "flake-utils": [
          "xdg-open-wsl",
          "cargo2nix",
          "flake-utils"
        ],
        "nixpkgs": [
          "xdg-open-wsl",
          "cargo2nix",
          "nixpkgs"
        ]
      },
      "locked": {
        "lastModified": 1706227539,
        "narHash": "sha256-Jric+3TLTYDpRw3Kv6MnudofsYPmtekF1YD+62FuJUY=",
        "owner": "LucioFranco",
        "repo": "xdg-open-wsl",
        "rev": "aadb084eb3f1d84f38eb9c6a311276ce43bfa619",
        "type": "github"
      },
      "original": {
        "owner": "LucioFranco",
        "repo": "xdg-open-wsl",
        "type": "github"
      }
    }
  },
  "root": "root",
  "version": 7
}
